
Microsoft Visual Studio Solution File, Format Version 12.00
# Visual Studio Version 16
VisualStudioVersion = 16.0.31729.503
MinimumVisualStudioVersion = 10.0.40219.1
Project("{8BC9CEB8-8B4A-11D0-8D11-00A0C91BC942}") = "hw8", "hw8\hw8.vcxproj", "{1BCDE91F-83C8-418C-B277-33C0952C6243}"
EndProject
Global
	GlobalSection(SolutionConfigurationPlatforms) = preSolution
		Debug|x64 = Debug|x64
		Debug|x86 = Debug|x86
		Release|x64 = Release|x64
		Release|x86 = Release|x86
	EndGlobalSection
	GlobalSection(ProjectConfigurationPlatforms) = postSolution
		{1BCDE91F-83C8-418C-B277-33C0952C6243}.Debug|x64.ActiveCfg = Debug|x64
		{1BCDE91F-83C8-418C-B277-33C0952C6243}.Debug|x64.Build.0 = Debug|x64
		{1BCDE91F-83C8-418C-B277-33C0952C6243}.Debug|x86.ActiveCfg = Debug|Win32
		{1BCDE91F-83C8-418C-B277-33C0952C6243}.Debug|x86.Build.0 = Debug|Win32
		{1BCDE91F-83C8-418C-B277-33C0952C6243}.Release|x64.ActiveCfg = Release|x64
		{1BCDE91F-83C8-418C-B277-33C0952C6243}.Release|x64.Build.0 = Release|x64
		{1BCDE91F-83C8-418C-B277-33C0952C6243}.Release|x86.ActiveCfg = Release|Win32
		{1BCDE91F-83C8-418C-B277-33C0952C6243}.Release|x86.Build.0 = Release|Win32
	EndGlobalSection
	GlobalSection(SolutionProperties) = preSolution
		HideSolutionNode = FALSE
	EndGlobalSection
	GlobalSection(ExtensibilityGlobals) = postSolution
		SolutionGuid = {8A754B92-CC71-4B5B-93E8-0807E18FDDCE}
	EndGlobalSection
EndGlobal
